{
  "object": {
    "pins": [
      {
        "package": "CarBode",
        "repositoryURL": "https://github.com/heart/CarBode-Barcode-Scanner-For-SwiftUI",
        "state": {
          "branch": null,
          "revision": "b4e39ab4d65e2795fb0f0a48940ac8bfd799c5f5",
          "version": "2.2.2"
        }
      },
      {
        "package": "ConfettiSwiftUI",
        "repositoryURL": "https://github.com/simibac/ConfettiSwiftUI",
        "state": {
          "branch": null,
          "revision": "4aac70f5264e59dfed75d6f1c282bb147f101a49",
          "version": "0.2.1"
        }
      },
      {
        "package": "PopupView",
        "repositoryURL": "https://github.com/exyte/PopupView.git",
        "state": {
          "branch": null,
          "revision": "3c6a25413e0ce7248d8e702c9764230fec2787a5",
          "version": "0.0.7"
        }
      },
      {
        "package": "Realm",
        "repositoryURL": "https://github.com/realm/realm-cocoa.git",
        "state": {
          "branch": null,
          "revision": "7ec5df0a700ef76ad930dcedb9c63c1b354979e1",
          "version": "5.5.1"
        }
      },
      {
        "package": "RealmCore",
        "repositoryURL": "https://github.com/realm/realm-core",
        "state": {
          "branch": null,
          "revision": "66d79b3c5213fb14d491c1b22193077b488d49a6",
          "version": "6.2.4"
        }
      },
      {
        "package": "SlideOverCard",
        "repositoryURL": "https://github.com/joogps/SlideOverCard.git",
        "state": {
          "branch": null,
          "revision": "1e2ac4f7c3f7dbcd46b76e7b8cc8a91554c42abb",
          "version": "1.2.6"
        }
      },
      {
        "package": "Grid",
        "repositoryURL": "https://github.com/spacenation/swiftui-grid.git",
        "state": {
          "branch": null,
          "revision": "623f995c6ee0e5a5ed0e104d142daeae67b0ec92",
          "version": "1.1.0"
        }
      },
      {
        "package": "WKView",
        "repositoryURL": "https://github.com/rebeloper/WKView.git",
        "state": {
          "branch": null,
          "revision": "b9314678cf946e8c02ae1dcaf4e07d6c9dd7712c",
          "version": "0.1.6"
        }
      }
    ]
  },
  "version": 1
}
